// !$*UTF8*$!
{
	archiveVersion = 1;
	classes = {
	};
	objectVersion = 46;
	objects = {

/* Begin PBXBuildFile section */
		1A5D317B1A6A125D0010990D /* white.png in Resources */ = {isa = PBXBuildFile; fileRef = 1A5D31781A6A125D0010990D /* white.png */; };
		1A5D317C1A6A125D0010990D /* black.png in Resources */ = {isa = PBXBuildFile; fileRef = 1A5D31791A6A125D0010990D /* black.png */; };
		1A5D317D1A6A125D0010990D /* red.png in Resources */ = {isa = PBXBuildFile; fileRef = 1A5D317A1A6A125D0010990D /* red.png */; };
		1A5DEA251A68AFCD009111DB /* Utilities.swift in Sources */ = {isa = PBXBuildFile; fileRef = 1A5DEA241A68AFCD009111DB /* Utilities.swift */; };
		1A5DEA271A68C04F009111DB /* GameKit.framework in Frameworks */ = {isa = PBXBuildFile; fileRef = 1A5DEA261A68C04F009111DB /* GameKit.framework */; };
		1A8BE9031A677CD100AD7E43 /* AppDelegate.swift in Sources */ = {isa = PBXBuildFile; fileRef = 1A8BE9021A677CD100AD7E43 /* AppDelegate.swift */; };
		1A8BE9051A677CD100AD7E43 /* ViewController.swift in Sources */ = {isa = PBXBuildFile; fileRef = 1A8BE9041A677CD100AD7E43 /* ViewController.swift */; };
		1A8BE9081A677CD100AD7E43 /* Main.storyboard in Resources */ = {isa = PBXBuildFile; fileRef = 1A8BE9061A677CD100AD7E43 /* Main.storyboard */; };
		1A8BE90A1A677CD100AD7E43 /* Images.xcassets in Resources */ = {isa = PBXBuildFile; fileRef = 1A8BE9091A677CD100AD7E43 /* Images.xcassets */; };
		1A8BE90D1A677CD100AD7E43 /* LaunchScreen.xib in Resources */ = {isa = PBXBuildFile; fileRef = 1A8BE90B1A677CD100AD7E43 /* LaunchScreen.xib */; };
		1A8BE9191A677CD200AD7E43 /* testAppTests.swift in Sources */ = {isa = PBXBuildFile; fileRef = 1A8BE9181A677CD200AD7E43 /* testAppTests.swift */; };
		1A8BE9231A68118100AD7E43 /* Board.swift in Sources */ = {isa = PBXBuildFile; fileRef = 1A8BE9221A68118100AD7E43 /* Board.swift */; };
		1A8BE9271A681D9800AD7E43 /* Player.swift in Sources */ = {isa = PBXBuildFile; fileRef = 1A8BE9261A681D9800AD7E43 /* Player.swift */; };
/* End PBXBuildFile section */

/* Begin PBXContainerItemProxy section */
		1A8BE9131A677CD200AD7E43 /* PBXContainerItemProxy */ = {
			isa = PBXContainerItemProxy;
			containerPortal = 1A8BE8F51A677CD100AD7E43 /* Project object */;
			proxyType = 1;
			remoteGlobalIDString = 1A8BE8FC1A677CD100AD7E43;
			remoteInfo = testApp;
		};
/* End PBXContainerItemProxy section */

/* Begin PBXFileReference section */
		1A5D31781A6A125D0010990D /* white.png */ = {isa = PBXFileReference; lastKnownFileType = image.png; path = white.png; sourceTree = "<group>"; };
		1A5D31791A6A125D0010990D /* black.png */ = {isa = PBXFileReference; lastKnownFileType = image.png; path = black.png; sourceTree = "<group>"; };
		1A5D317A1A6A125D0010990D /* red.png */ = {isa = PBXFileReference; lastKnownFileType = image.png; path = red.png; sourceTree = "<group>"; };
		1A5DEA241A68AFCD009111DB /* Utilities.swift */ = {isa = PBXFileReference; fileEncoding = 4; lastKnownFileType = sourcecode.swift; name = Utilities.swift; path = ../Utilities.swift; sourceTree = "<group>"; };
		1A5DEA261A68C04F009111DB /* GameKit.framework */ = {isa = PBXFileReference; lastKnownFileType = wrapper.framework; name = GameKit.framework; path = System/Library/Frameworks/GameKit.framework; sourceTree = SDKROOT; };
		1A8BE8FD1A677CD100AD7E43 /* testApp.app */ = {isa = PBXFileReference; explicitFileType = wrapper.application; includeInIndex = 0; path = testApp.app; sourceTree = BUILT_PRODUCTS_DIR; };
		1A8BE9011A677CD100AD7E43 /* Info.plist */ = {isa = PBXFileReference; lastKnownFileType = text.plist.xml; path = Info.plist; sourceTree = "<group>"; };
		1A8BE9021A677CD100AD7E43 /* AppDelegate.swift */ = {isa = PBXFileReference; lastKnownFileType = sourcecode.swift; path = AppDelegate.swift; sourceTree = "<group>"; };
		1A8BE9041A677CD100AD7E43 /* ViewController.swift */ = {isa = PBXFileReference; lastKnownFileType = sourcecode.swift; path = ViewController.swift; sourceTree = "<group>"; };
		1A8BE9071A677CD100AD7E43 /* Base */ = {isa = PBXFileReference; lastKnownFileType = file.storyboard; name = Base; path = Base.lproj/Main.storyboard; sourceTree = "<group>"; };
		1A8BE9091A677CD100AD7E43 /* Images.xcassets */ = {isa = PBXFileReference; lastKnownFileType = folder.assetcatalog; path = Images.xcassets; sourceTree = "<group>"; };
		1A8BE90C1A677CD100AD7E43 /* Base */ = {isa = PBXFileReference; lastKnownFileType = file.xib; name = Base; path = Base.lproj/LaunchScreen.xib; sourceTree = "<group>"; };
		1A8BE9121A677CD200AD7E43 /* testAppTests.xctest */ = {isa = PBXFileReference; explicitFileType = wrapper.cfbundle; includeInIndex = 0; path = testAppTests.xctest; sourceTree = BUILT_PRODUCTS_DIR; };
		1A8BE9171A677CD200AD7E43 /* Info.plist */ = {isa = PBXFileReference; lastKnownFileType = text.plist.xml; path = Info.plist; sourceTree = "<group>"; };
		1A8BE9181A677CD200AD7E43 /* testAppTests.swift */ = {isa = PBXFileReference; lastKnownFileType = sourcecode.swift; path = testAppTests.swift; sourceTree = "<group>"; };
		1A8BE9221A68118100AD7E43 /* Board.swift */ = {isa = PBXFileReference; fileEncoding = 4; lastKnownFileType = sourcecode.swift; path = Board.swift; sourceTree = "<group>"; };
		1A8BE9261A681D9800AD7E43 /* Player.swift */ = {isa = PBXFileReference; fileEncoding = 4; lastKnownFileType = sourcecode.swift; path = Player.swift; sourceTree = "<group>"; };
/* End PBXFileReference section */

/* Begin PBXFrameworksBuildPhase section */
		1A8BE8FA1A677CD100AD7E43 /* Frameworks */ = {
			isa = PBXFrameworksBuildPhase;
			buildActionMask = 2147483647;
			files = (
				1A5DEA271A68C04F009111DB /* GameKit.framework in Frameworks */,
			);
			runOnlyForDeploymentPostprocessing = 0;
		};
		1A8BE90F1A677CD200AD7E43 /* Frameworks */ = {
			isa = PBXFrameworksBuildPhase;
			buildActionMask = 2147483647;
			files = (
			);
			runOnlyForDeploymentPostprocessing = 0;
		};
/* End PBXFrameworksBuildPhase section */

/* Begin PBXGroup section */
		1A8BE8F41A677CD100AD7E43 = {
			isa = PBXGroup;
			children = (
				1A5DEA261A68C04F009111DB /* GameKit.framework */,
				1A8BE9261A681D9800AD7E43 /* Player.swift */,
				1A8BE9221A68118100AD7E43 /* Board.swift */,
				1A8BE8FF1A677CD100AD7E43 /* testApp */,
				1A8BE9151A677CD200AD7E43 /* testAppTests */,
				1A8BE8FE1A677CD100AD7E43 /* Products */,
			);
			sourceTree = "<group>";
		};
		1A8BE8FE1A677CD100AD7E43 /* Products */ = {
			isa = PBXGroup;
			children = (
				1A8BE8FD1A677CD100AD7E43 /* testApp.app */,
				1A8BE9121A677CD200AD7E43 /* testAppTests.xctest */,
			);
			name = Products;
			sourceTree = "<group>";
		};
		1A8BE8FF1A677CD100AD7E43 /* testApp */ = {
			isa = PBXGroup;
			children = (
				1A8BE9021A677CD100AD7E43 /* AppDelegate.swift */,
				1A8BE9041A677CD100AD7E43 /* ViewController.swift */,
				1A8BE9061A677CD100AD7E43 /* Main.storyboard */,
				1A8BE9091A677CD100AD7E43 /* Images.xcassets */,
				1A8BE90B1A677CD100AD7E43 /* LaunchScreen.xib */,
				1A8BE9001A677CD100AD7E43 /* Supporting Files */,
			);
			path = testApp;
			sourceTree = "<group>";
		};
		1A8BE9001A677CD100AD7E43 /* Supporting Files */ = {
			isa = PBXGroup;
			children = (
				1A5D31781A6A125D0010990D /* white.png */,
				1A5D31791A6A125D0010990D /* black.png */,
				1A5D317A1A6A125D0010990D /* red.png */,
				1A5DEA241A68AFCD009111DB /* Utilities.swift */,
				1A8BE9011A677CD100AD7E43 /* Info.plist */,
			);
			name = "Supporting Files";
			sourceTree = "<group>";
		};
		1A8BE9151A677CD200AD7E43 /* testAppTests */ = {
			isa = PBXGroup;
			children = (
				1A8BE9181A677CD200AD7E43 /* testAppTests.swift */,
				1A8BE9161A677CD200AD7E43 /* Supporting Files */,
			);
			path = testAppTests;
			sourceTree = "<group>";
		};
		1A8BE9161A677CD200AD7E43 /* Supporting Files */ = {
			isa = PBXGroup;
			children = (
				1A8BE9171A677CD200AD7E43 /* Info.plist */,
			);
			name = "Supporting Files";
			sourceTree = "<group>";
		};
/* End PBXGroup section */

/* Begin PBXNativeTarget section */
		1A8BE8FC1A677CD100AD7E43 /* testApp */ = {
			isa = PBXNativeTarget;
			buildConfigurationList = 1A8BE91C1A677CD200AD7E43 /* Build configuration list for PBXNativeTarget "testApp" */;
			buildPhases = (
				1A8BE8F91A677CD100AD7E43 /* Sources */,
				1A8BE8FA1A677CD100AD7E43 /* Frameworks */,
				1A8BE8FB1A677CD100AD7E43 /* Resources */,
			);
			buildRules = (
			);
			dependencies = (
			);
			name = testApp;
			productName = testApp;
			productReference = 1A8BE8FD1A677CD100AD7E43 /* testApp.app */;
			productType = "com.apple.product-type.application";
		};
		1A8BE9111A677CD200AD7E43 /* testAppTests */ = {
			isa = PBXNativeTarget;
			buildConfigurationList = 1A8BE91F1A677CD200AD7E43 /* Build configuration list for PBXNativeTarget "testAppTests" */;
			buildPhases = (
				1A8BE90E1A677CD200AD7E43 /* Sources */,
				1A8BE90F1A677CD200AD7E43 /* Frameworks */,
				1A8BE9101A677CD200AD7E43 /* Resources */,
			);
			buildRules = (
			);
			dependencies = (
				1A8BE9141A677CD200AD7E43 /* PBXTargetDependency */,
			);
			name = testAppTests;
			productName = testAppTests;
			productReference = 1A8BE9121A677CD200AD7E43 /* testAppTests.xctest */;
			productType = "com.apple.product-type.bundle.unit-test";
		};
/* End PBXNativeTarget section */

/* Begin PBXProject section */
		1A8BE8F51A677CD100AD7E43 /* Project object */ = {
			isa = PBXProject;
			attributes = {
				LastUpgradeCheck = 0610;
				ORGANIZATIONNAME = James;
				TargetAttributes = {
					1A8BE8FC1A677CD100AD7E43 = {
						CreatedOnToolsVersion = 6.1.1;
					};
					1A8BE9111A677CD200AD7E43 = {
						CreatedOnToolsVersion = 6.1.1;
						TestTargetID = 1A8BE8FC1A677CD100AD7E43;
					};
				};
			};
			buildConfigurationList = 1A8BE8F81A677CD100AD7E43 /* Build configuration list for PBXProject "testApp" */;
			compatibilityVersion = "Xcode 3.2";
			developmentRegion = English;
			hasScannedForEncodings = 0;
			knownRegions = (
				en,
				Base,
			);
			mainGroup = 1A8BE8F41A677CD100AD7E43;
			productRefGroup = 1A8BE8FE1A677CD100AD7E43 /* Products */;
			projectDirPath = "";
			projectRoot = "";
			targets = (
				1A8BE8FC1A677CD100AD7E43 /* testApp */,
				1A8BE9111A677CD200AD7E43 /* testAppTests */,
			);
		};
/* End PBXProject section */

/* Begin PBXResourcesBuildPhase section */
		1A8BE8FB1A677CD100AD7E43 /* Resources */ = {
			isa = PBXResourcesBuildPhase;
			buildActionMask = 2147483647;
			files = (
				1A8BE9081A677CD100AD7E43 /* Main.storyboard in Resources */,
				1A8BE90D1A677CD100AD7E43 /* LaunchScreen.xib in Resources */,
				1A5D317D1A6A125D0010990D /* red.png in Resources */,
				1A5D317C1A6A125D0010990D /* black.png in Resources */,
				1A8BE90A1A677CD100AD7E43 /* Images.xcassets in Resources */,
				1A5D317B1A6A125D0010990D /* white.png in Resources */,
			);
			runOnlyForDeploymentPostprocessing = 0;
		};
		1A8BE9101A677CD200AD7E43 /* Resources */ = {
			isa = PBXResourcesBuildPhase;
			buildActionMask = 2147483647;
			files = (
			);
			runOnlyForDeploymentPostprocessing = 0;
		};
/* End PBXResourcesBuildPhase section */

/* Begin PBXSourcesBuildPhase section */
		1A8BE8F91A677CD100AD7E43 /* Sources */ = {
			isa = PBXSourcesBuildPhase;
			buildActionMask = 2147483647;
			files = (
				1A8BE9051A677CD100AD7E43 /* ViewController.swift in Sources */,
				1A8BE9031A677CD100AD7E43 /* AppDelegate.swift in Sources */,
				1A8BE9231A68118100AD7E43 /* Board.swift in Sources */,
				1A5DEA251A68AFCD009111DB /* Utilities.swift in Sources */,
				1A8BE9271A681D9800AD7E43 /* Player.swift in Sources */,
			);
			runOnlyForDeploymentPostprocessing = 0;
		};
		1A8BE90E1A677CD200AD7E43 /* Sources */ = {
			isa = PBXSourcesBuildPhase;
			buildActionMask = 2147483647;
			files = (
				1A8BE9191A677CD200AD7E43 /* testAppTests.swift in Sources */,
			);
			runOnlyForDeploymentPostprocessing = 0;
		};
/* End PBXSourcesBuildPhase section */

/* Begin PBXTargetDependency section */
		1A8BE9141A677CD200AD7E43 /* PBXTargetDependency */ = {
			isa = PBXTargetDependency;
			target = 1A8BE8FC1A677CD100AD7E43 /* testApp */;
			targetProxy = 1A8BE9131A677CD200AD7E43 /* PBXContainerItemProxy */;
		};
/* End PBXTargetDependency section */

/* Begin PBXVariantGroup section */
		1A8BE9061A677CD100AD7E43 /* Main.storyboard */ = {
			isa = PBXVariantGroup;
			children = (
				1A8BE9071A677CD100AD7E43 /* Base */,
			);
			name = Main.storyboard;
			sourceTree = "<group>";
		};
		1A8BE90B1A677CD100AD7E43 /* LaunchScreen.xib */ = {
			isa = PBXVariantGroup;
			children = (
				1A8BE90C1A677CD100AD7E43 /* Base */,
			);
			name = LaunchScreen.xib;
			sourceTree = "<group>";
		};
/* End PBXVariantGroup section */

/* Begin XCBuildConfiguration section */
		1A8BE91A1A677CD200AD7E43 /* Debug */ = {
			isa = XCBuildConfiguration;
			buildSettings = {
				ALWAYS_SEARCH_USER_PATHS = NO;
				CLANG_CXX_LANGUAGE_STANDARD = "gnu++0x";
				CLANG_CXX_LIBRARY = "libc++";
				CLANG_ENABLE_MODULES = YES;
				CLANG_ENABLE_OBJC_ARC = YES;
				CLANG_WARN_BOOL_CONVERSION = YES;
				CLANG_WARN_CONSTANT_CONVERSION = YES;
				CLANG_WARN_DIRECT_OBJC_ISA_USAGE = YES_ERROR;
				CLANG_WARN_EMPTY_BODY = YES;
				CLANG_WARN_ENUM_CONVERSION = YES;
				CLANG_WARN_INT_CONVERSION = YES;
				CLANG_WARN_OBJC_ROOT_CLASS = YES_ERROR;
				CLANG_WARN_UNREACHABLE_CODE = YES;
				CLANG_WARN__DUPLICATE_METHOD_MATCH = YES;
				"CODE_SIGN_IDENTITY[sdk=iphoneos*]" = "iPhone Developer";
				COPY_PHASE_STRIP = NO;
				ENABLE_STRICT_OBJC_MSGSEND = YES;
				GCC_C_LANGUAGE_STANDARD = gnu99;
				GCC_DYNAMIC_NO_PIC = NO;
				GCC_OPTIMIZATION_LEVEL = 0;
				GCC_PREPROCESSOR_DEFINITIONS = (
					"DEBUG=1",
					"$(inherited)",
				);
				GCC_SYMBOLS_PRIVATE_EXTERN = NO;
				GCC_WARN_64_TO_32_BIT_CONVERSION = YES;
				GCC_WARN_ABOUT_RETURN_TYPE = YES_ERROR;
				GCC_WARN_UNDECLARED_SELECTOR = YES;
				GCC_WARN_UNINITIALIZED_AUTOS = YES_AGGRESSIVE;
				GCC_WARN_UNUSED_FUNCTION = YES;
				GCC_WARN_UNUSED_VARIABLE = YES;
				IPHONEOS_DEPLOYMENT_TARGET = 8.1;
				MTL_ENABLE_DEBUG_INFO = YES;
				ONLY_ACTIVE_ARCH = YES;
				SDKROOT = iphoneos;
				SWIFT_OPTIMIZATION_LEVEL = "-Onone";
			};
			name = Debug;
		};
		1A8BE91B1A677CD200AD7E43 /* Release */ = {
			isa = XCBuildConfiguration;
			buildSettings = {
				ALWAYS_SEARCH_USER_PATHS = NO;
				CLANG_CXX_LANGUAGE_STANDARD = "gnu++0x";
				CLANG_CXX_LIBRARY = "libc++";
				CLANG_ENABLE_MODULES = YES;
				CLANG_ENABLE_OBJC_ARC = YES;
				CLANG_WARN_BOOL_CONVERSION = YES;
				CLANG_WARN_CONSTANT_CONVERSION = YES;
				CLANG_WARN_DIRECT_OBJC_ISA_USAGE = YES_ERROR;
				CLANG_WARN_EMPTY_BODY = YES;
				CLANG_WARN_ENUM_CONVERSION = YES;
				CLANG_WARN_INT_CONVERSION = YES;
				CLANG_WARN_OBJC_ROOT_CLASS = YES_ERROR;
				CLANG_WARN_UNREACHABLE_CODE = YES;
				CLANG_WARN__DUPLICATE_METHOD_MATCH = YES;
				"CODE_SIGN_IDENTITY[sdk=iphoneos*]" = "iPhone Developer";
				COPY_PHASE_STRIP = YES;
				ENABLE_NS_ASSERTIONS = NO;
				ENABLE_STRICT_OBJC_MSGSEND = YES;
				GCC_C_LANGUAGE_STANDARD = gnu99;
				GCC_WARN_64_TO_32_BIT_CONVERSION = YES;
				GCC_WARN_ABOUT_RETURN_TYPE = YES_ERROR;
				GCC_WARN_UNDECLARED_SELECTOR = YES;
				GCC_WARN_UNINITIALIZED_AUTOS = YES_AGGRESSIVE;
				GCC_WARN_UNUSED_FUNCTION = YES;
				GCC_WARN_UNUSED_VARIABLE = YES;
				IPHONEOS_DEPLOYMENT_TARGET = 8.1;
				MTL_ENABLE_DEBUG_INFO = NO;
				SDKROOT = iphoneos;
				VALIDATE_PRODUCT = YES;
			};
			name = Release;
		};
		1A8BE91D1A677CD200AD7E43 /* Debug */ = {
			isa = XCBuildConfiguration;
			buildSettings = {
				ASSETCATALOG_COMPILER_APPICON_NAME = AppIcon;
				INFOPLIST_FILE = testApp/Info.plist;
				LD_RUNPATH_SEARCH_PATHS = "$(inherited) @executable_path/Frameworks";
				PRODUCT_NAME = "$(TARGET_NAME)";
			};
			name = Debug;
		};
		1A8BE91E1A677CD200AD7E43 /* Release */ = {
			isa = XCBuildConfiguration;
			buildSettings = {
				ASSETCATALOG_COMPILER_APPICON_NAME = AppIcon;
				INFOPLIST_FILE = testApp/Info.plist;
				LD_RUNPATH_SEARCH_PATHS = "$(inherited) @executable_path/Frameworks";
				PRODUCT_NAME = "$(TARGET_NAME)";
			};
			name = Release;
		};
		1A8BE9201A677CD200AD7E43 /* Debug */ = {
			isa = XCBuildConfiguration;
			buildSettings = {
				BUNDLE_LOADER = "$(TEST_HOST)";
				FRAMEWORK_SEARCH_PATHS = (
					"$(SDKROOT)/Developer/Library/Frameworks",
					"$(inherited)",
				);
				GCC_PREPROCESSOR_DEFINITIONS = (
					"DEBUG=1",
					"$(inherited)",
				);
				INFOPLIST_FILE = testAppTests/Info.plist;
				LD_RUNPATH_SEARCH_PATHS = "$(inherited) @executable_path/Frameworks @loader_path/Frameworks";
				PRODUCT_NAME = "$(TARGET_NAME)";
				TEST_HOST = "$(BUILT_PRODUCTS_DIR)/testApp.app/testApp";
			};
			name = Debug;
		};
		1A8BE9211A677CD200AD7E43 /* Release */ = {
			isa = XCBuildConfiguration;
			buildSettings = {
				BUNDLE_LOADER = "$(TEST_HOST)";
				FRAMEWORK_SEARCH_PATHS = (
					"$(SDKROOT)/Developer/Library/Frameworks",
					"$(inherited)",
				);
				INFOPLIST_FILE = testAppTests/Info.plist;
				LD_RUNPATH_SEARCH_PATHS = "$(inherited) @executable_path/Frameworks @loader_path/Frameworks";
				PRODUCT_NAME = "$(TARGET_NAME)";
				TEST_HOST = "$(BUILT_PRODUCTS_DIR)/testApp.app/testApp";
			};
			name = Release;
		};
/* End XCBuildConfiguration section */

/* Begin XCConfigurationList section */
		1A8BE8F81A677CD100AD7E43 /* Build configuration list for PBXProject "testApp" */ = {
			isa = XCConfigurationList;
			buildConfigurations = (
				1A8BE91A1A677CD200AD7E43 /* Debug */,
				1A8BE91B1A677CD200AD7E43 /* Release */,
			);
			defaultConfigurationIsVisible = 0;
			defaultConfigurationName = Release;
		};
		1A8BE91C1A677CD200AD7E43 /* Build configuration list for PBXNativeTarget "testApp" */ = {
			isa = XCConfigurationList;
			buildConfigurations = (
				1A8BE91D1A677CD200AD7E43 /* Debug */,
				1A8BE91E1A677CD200AD7E43 /* Release */,
			);
			defaultConfigurationIsVisible = 0;
			defaultConfigurationName = Release;
		};
		1A8BE91F1A677CD200AD7E43 /* Build configuration list for PBXNativeTarget "testAppTests" */ = {
			isa = XCConfigurationList;
			buildConfigurations = (
				1A8BE9201A677CD200AD7E43 /* Debug */,
				1A8BE9211A677CD200AD7E43 /* Release */,
			);
			defaultConfigurationIsVisible = 0;
			defaultConfigurationName = Release;
		};
/* End XCConfigurationList section */
	};
	rootObject = 1A8BE8F51A677CD100AD7E43 /* Project object */;
}
